
Microsoft Visual Studio Solution File, Format Version 12.00
# Visual Studio 15
VisualStudioVersion = 15.0.26228.4
MinimumVisualStudioVersion = 10.0.40219.1
Project("{FAE04EC0-301F-11D3-BF4B-00C04F79EFBC}") = "DomainEventDemo", "DomainEventDemo\DomainEventDemo.csproj", "{0981DDF3-051D-488B-9A08-3B41E1CCFB1B}"
EndProject
Project("{FAE04EC0-301F-11D3-BF4B-00C04F79EFBC}") = "MediatorDemo", "MediatorDemo\MediatorDemo.csproj", "{CEF4A5AD-0E9B-4112-9857-017093F980E6}"
EndProject
Global
	GlobalSection(SolutionConfigurationPlatforms) = preSolution
		Debug|Any CPU = Debug|Any CPU
		Release|Any CPU = Release|Any CPU
	EndGlobalSection
	GlobalSection(ProjectConfigurationPlatforms) = postSolution
		{0981DDF3-051D-488B-9A08-3B41E1CCFB1B}.Debug|Any CPU.ActiveCfg = Debug|Any CPU
		{0981DDF3-051D-488B-9A08-3B41E1CCFB1B}.Debug|Any CPU.Build.0 = Debug|Any CPU
		{0981DDF3-051D-488B-9A08-3B41E1CCFB1B}.Release|Any CPU.ActiveCfg = Release|Any CPU
		{0981DDF3-051D-488B-9A08-3B41E1CCFB1B}.Release|Any CPU.Build.0 = Release|Any CPU
		{CEF4A5AD-0E9B-4112-9857-017093F980E6}.Debug|Any CPU.ActiveCfg = Debug|Any CPU
		{CEF4A5AD-0E9B-4112-9857-017093F980E6}.Debug|Any CPU.Build.0 = Debug|Any CPU
		{CEF4A5AD-0E9B-4112-9857-017093F980E6}.Release|Any CPU.ActiveCfg = Release|Any CPU
		{CEF4A5AD-0E9B-4112-9857-017093F980E6}.Release|Any CPU.Build.0 = Release|Any CPU
	EndGlobalSection
	GlobalSection(SolutionProperties) = preSolution
		HideSolutionNode = FALSE
	EndGlobalSection
EndGlobal
